Microsoft Visual Studio Solution File, Format Version 12.00
# Visual Studio Version 17
VisualStudioVersion = 17.5.2.0
MinimumVisualStudioVersion = 10.0.40219.1
Project("{FAE04EC0-301F-11D3-BF4B-00C04F79EFBC}") = "PythonAcademy", "PythonAcademy.csproj", "{88544B32-5038-A8A5-4347-EC53647CBE61}"
EndProject
Global
	GlobalSection(SolutionConfigurationPlatforms) = preSolution
		Debug|Any CPU = Debug|Any CPU
		Release|Any CPU = Release|Any CPU
	EndGlobalSection
	GlobalSection(ProjectConfigurationPlatforms) = postSolution
		{88544B32-5038-A8A5-4347-EC53647CBE61}.Debug|Any CPU.ActiveCfg = Debug|Any CPU
		{88544B32-5038-A8A5-4347-EC53647CBE61}.Debug|Any CPU.Build.0 = Debug|Any CPU
		{88544B32-5038-A8A5-4347-EC53647CBE61}.Release|Any CPU.ActiveCfg = Release|Any CPU
		{88544B32-5038-A8A5-4347-EC53647CBE61}.Release|Any CPU.Build.0 = Release|Any CPU
	EndGlobalSection
	GlobalSection(SolutionProperties) = preSolution
		HideSolutionNode = FALSE
	EndGlobalSection
	GlobalSection(ExtensibilityGlobals) = postSolution
		SolutionGuid = {32AD9C40-DB44-41E9-BFA4-7A12440871E0}
	EndGlobalSection
EndGlobal
